// !$*UTF8*$!
{
	archiveVersion = 1;
	classes = {
	};
	objectVersion = 56;
	objects = {

/* Begin PBXBuildFile section */
		2CCC53902940735F0006BE86 /* CustomTextFailed.swift in Sources */ = {isa = PBXBuildFile; fileRef = 2CCC538F2940735F0006BE86 /* CustomTextFailed.swift */; };
		903FD4D52951DAEB00816BBD /* HapticManager.swift in Sources */ = {isa = PBXBuildFile; fileRef = 903FD4D42951DAEB00816BBD /* HapticManager.swift */; };
		909176A9293F297D00392CAC /* ExpDateApp.swift in Sources */ = {isa = PBXBuildFile; fileRef = 909176A8293F297D00392CAC /* ExpDateApp.swift */; };
		909176AD293F297F00392CAC /* Assets.xcassets in Resources */ = {isa = PBXBuildFile; fileRef = 909176AC293F297F00392CAC /* Assets.xcassets */; };
		909176B1293F297F00392CAC /* Preview Assets.xcassets in Resources */ = {isa = PBXBuildFile; fileRef = 909176B0293F297F00392CAC /* Preview Assets.xcassets */; };
		909176BB293F36EC00392CAC /* ProductView.swift in Sources */ = {isa = PBXBuildFile; fileRef = 909176BA293F36EC00392CAC /* ProductView.swift */; };
		909176BF293F372A00392CAC /* AddProductView.swift in Sources */ = {isa = PBXBuildFile; fileRef = 909176BE293F372A00392CAC /* AddProductView.swift */; };
		909176C1293F373800392CAC /* EditProductView.swift in Sources */ = {isa = PBXBuildFile; fileRef = 909176C0293F373800392CAC /* EditProductView.swift */; };
		909176C3293F377500392CAC /* OnoardingView.swift in Sources */ = {isa = PBXBuildFile; fileRef = 909176C2293F377500392CAC /* OnoardingView.swift */; };
		909176C5293F379900392CAC /* SplashScreenView.swift in Sources */ = {isa = PBXBuildFile; fileRef = 909176C4293F379900392CAC /* SplashScreenView.swift */; };
		909176C7293F37E200392CAC /* ScanProductView.swift in Sources */ = {isa = PBXBuildFile; fileRef = 909176C6293F37E200392CAC /* ScanProductView.swift */; };
		909176CA293F407600392CAC /* Extensions.swift in Sources */ = {isa = PBXBuildFile; fileRef = 909176C9293F407600392CAC /* Extensions.swift */; };
		909176CC293F41A200392CAC /* ProductViewModel.swift in Sources */ = {isa = PBXBuildFile; fileRef = 909176CB293F41A200392CAC /* ProductViewModel.swift */; };
		909176CE293F41AD00392CAC /* ProductModel.swift in Sources */ = {isa = PBXBuildFile; fileRef = 909176CD293F41AD00392CAC /* ProductModel.swift */; };
		909176D0294079F800392CAC /* AppViewModel.swift in Sources */ = {isa = PBXBuildFile; fileRef = 909176CF294079F800392CAC /* AppViewModel.swift */; };
		909176D2294083C500392CAC /* DataScannerView.swift in Sources */ = {isa = PBXBuildFile; fileRef = 909176D1294083C500392CAC /* DataScannerView.swift */; };
		909176D4294107FD00392CAC /* SoundManager.swift in Sources */ = {isa = PBXBuildFile; fileRef = 909176D3294107FD00392CAC /* SoundManager.swift */; };
		909176D62941083C00392CAC /* scanner-beep.mp3 in Resources */ = {isa = PBXBuildFile; fileRef = 909176D52941083C00392CAC /* scanner-beep.mp3 */; };
		909176D92942671800392CAC /* SingleOnbordingView.swift in Sources */ = {isa = PBXBuildFile; fileRef = 909176D82942671800392CAC /* SingleOnbordingView.swift */; };
		909176DC294398CF00392CAC /* APICallManager.swift in Sources */ = {isa = PBXBuildFile; fileRef = 909176DB294398CF00392CAC /* APICallManager.swift */; };
		909176DF2943992600392CAC /* Alamofire in Frameworks */ = {isa = PBXBuildFile; productRef = 909176DE2943992600392CAC /* Alamofire */; };
		909176E12943995000392CAC /* ProductResponse.swift in Sources */ = {isa = PBXBuildFile; fileRef = 909176E02943995000392CAC /* ProductResponse.swift */; };
		909176E3294399A900392CAC /* ProductService.swift in Sources */ = {isa = PBXBuildFile; fileRef = 909176E2294399A900392CAC /* ProductService.swift */; };
		90917723294607FA00392CAC /* CloudViewModel.swift in Sources */ = {isa = PBXBuildFile; fileRef = 90917722294607FA00392CAC /* CloudViewModel.swift */; };
		9091772529463E5E00392CAC /* NotificationManager.swift in Sources */ = {isa = PBXBuildFile; fileRef = 9091772429463E5E00392CAC /* NotificationManager.swift */; };
		90917727294684DE00392CAC /* ProductAPIViewModel.swift in Sources */ = {isa = PBXBuildFile; fileRef = 90917726294684DE00392CAC /* ProductAPIViewModel.swift */; };
		9091772F294B1C0B00392CAC /* CloudSharingView.swift in Sources */ = {isa = PBXBuildFile; fileRef = 9091772E294B1C0B00392CAC /* CloudSharingView.swift */; };
		90917733294DCFEF00392CAC /* ProductGroup.swift in Sources */ = {isa = PBXBuildFile; fileRef = 90917732294DCFEF00392CAC /* ProductGroup.swift */; };
		E07743632941BE14009E1A25 /* ProductCellView.swift in Sources */ = {isa = PBXBuildFile; fileRef = E07743622941BE14009E1A25 /* ProductCellView.swift */; };
/* End PBXBuildFile section */

/* Begin PBXFileReference section */
		2CCC538F2940735F0006BE86 /* CustomTextFailed.swift */ = {isa = PBXFileReference; lastKnownFileType = sourcecode.swift; path = CustomTextFailed.swift; sourceTree = "<group>"; };
		903FD4D32951B6F100816BBD /* ExpDateDebug.entitlements */ = {isa = PBXFileReference; lastKnownFileType = text.plist.entitlements; path = ExpDateDebug.entitlements; sourceTree = "<group>"; };
		903FD4D42951DAEB00816BBD /* HapticManager.swift */ = {isa = PBXFileReference; lastKnownFileType = sourcecode.swift; path = HapticManager.swift; sourceTree = "<group>"; };
		909176A5293F297D00392CAC /* ExpDate.app */ = {isa = PBXFileReference; explicitFileType = wrapper.application; includeInIndex = 0; path = ExpDate.app; sourceTree = BUILT_PRODUCTS_DIR; };
		909176A8293F297D00392CAC /* ExpDateApp.swift */ = {isa = PBXFileReference; lastKnownFileType = sourcecode.swift; path = ExpDateApp.swift; sourceTree = "<group>"; };
		909176AC293F297F00392CAC /* Assets.xcassets */ = {isa = PBXFileReference; lastKnownFileType = folder.assetcatalog; path = Assets.xcassets; sourceTree = "<group>"; };
		909176AE293F297F00392CAC /* ExpDate.entitlements */ = {isa = PBXFileReference; lastKnownFileType = text.plist.entitlements; path = ExpDate.entitlements; sourceTree = "<group>"; };
		909176B0293F297F00392CAC /* Preview Assets.xcassets */ = {isa = PBXFileReference; lastKnownFileType = folder.assetcatalog; path = "Preview Assets.xcassets"; sourceTree = "<group>"; };
		909176BA293F36EC00392CAC /* ProductView.swift */ = {isa = PBXFileReference; lastKnownFileType = sourcecode.swift; path = ProductView.swift; sourceTree = "<group>"; };
		909176BE293F372A00392CAC /* AddProductView.swift */ = {isa = PBXFileReference; lastKnownFileType = sourcecode.swift; path = AddProductView.swift; sourceTree = "<group>"; };
		909176C0293F373800392CAC /* EditProductView.swift */ = {isa = PBXFileReference; lastKnownFileType = sourcecode.swift; path = EditProductView.swift; sourceTree = "<group>"; };
		909176C2293F377500392CAC /* OnoardingView.swift */ = {isa = PBXFileReference; lastKnownFileType = sourcecode.swift; path = OnoardingView.swift; sourceTree = "<group>"; };
		909176C4293F379900392CAC /* SplashScreenView.swift */ = {isa = PBXFileReference; lastKnownFileType = sourcecode.swift; path = SplashScreenView.swift; sourceTree = "<group>"; };
		909176C6293F37E200392CAC /* ScanProductView.swift */ = {isa = PBXFileReference; lastKnownFileType = sourcecode.swift; path = ScanProductView.swift; sourceTree = "<group>"; };
		909176C9293F407600392CAC /* Extensions.swift */ = {isa = PBXFileReference; lastKnownFileType = sourcecode.swift; path = Extensions.swift; sourceTree = "<group>"; };
		909176CB293F41A200392CAC /* ProductViewModel.swift */ = {isa = PBXFileReference; lastKnownFileType = sourcecode.swift; path = ProductViewModel.swift; sourceTree = "<group>"; };
		909176CD293F41AD00392CAC /* ProductModel.swift */ = {isa = PBXFileReference; lastKnownFileType = sourcecode.swift; path = ProductModel.swift; sourceTree = "<group>"; };
		909176CF294079F800392CAC /* AppViewModel.swift */ = {isa = PBXFileReference; lastKnownFileType = sourcecode.swift; path = AppViewModel.swift; sourceTree = "<group>"; };
		909176D1294083C500392CAC /* DataScannerView.swift */ = {isa = PBXFileReference; lastKnownFileType = sourcecode.swift; path = DataScannerView.swift; sourceTree = "<group>"; };
		909176D3294107FD00392CAC /* SoundManager.swift */ = {isa = PBXFileReference; lastKnownFileType = sourcecode.swift; path = SoundManager.swift; sourceTree = "<group>"; };
		909176D52941083C00392CAC /* scanner-beep.mp3 */ = {isa = PBXFileReference; lastKnownFileType = audio.mp3; path = "scanner-beep.mp3"; sourceTree = "<group>"; };
		909176D82942671800392CAC /* SingleOnbordingView.swift */ = {isa = PBXFileReference; lastKnownFileType = sourcecode.swift; path = SingleOnbordingView.swift; sourceTree = "<group>"; };
		909176DB294398CF00392CAC /* APICallManager.swift */ = {isa = PBXFileReference; lastKnownFileType = sourcecode.swift; path = APICallManager.swift; sourceTree = "<group>"; };
		909176E02943995000392CAC /* ProductResponse.swift */ = {isa = PBXFileReference; lastKnownFileType = sourcecode.swift; path = ProductResponse.swift; sourceTree = "<group>"; };
		909176E2294399A900392CAC /* ProductService.swift */ = {isa = PBXFileReference; lastKnownFileType = sourcecode.swift; path = ProductService.swift; sourceTree = "<group>"; };
		90917722294607FA00392CAC /* CloudViewModel.swift */ = {isa = PBXFileReference; lastKnownFileType = sourcecode.swift; path = CloudViewModel.swift; sourceTree = "<group>"; };
		9091772429463E5E00392CAC /* NotificationManager.swift */ = {isa = PBXFileReference; lastKnownFileType = sourcecode.swift; path = NotificationManager.swift; sourceTree = "<group>"; };
		90917726294684DE00392CAC /* ProductAPIViewModel.swift */ = {isa = PBXFileReference; lastKnownFileType = sourcecode.swift; path = ProductAPIViewModel.swift; sourceTree = "<group>"; };
		9091772E294B1C0B00392CAC /* CloudSharingView.swift */ = {isa = PBXFileReference; lastKnownFileType = sourcecode.swift; path = CloudSharingView.swift; sourceTree = "<group>"; };
		90917730294B206D00392CAC /* Info.plist */ = {isa = PBXFileReference; lastKnownFileType = text.plist; path = Info.plist; sourceTree = "<group>"; };
		90917732294DCFEF00392CAC /* ProductGroup.swift */ = {isa = PBXFileReference; lastKnownFileType = sourcecode.swift; path = ProductGroup.swift; sourceTree = "<group>"; };
		E07743622941BE14009E1A25 /* ProductCellView.swift */ = {isa = PBXFileReference; lastKnownFileType = sourcecode.swift; path = ProductCellView.swift; sourceTree = "<group>"; };
/* End PBXFileReference section */

/* Begin PBXFrameworksBuildPhase section */
		909176A2293F297D00392CAC /* Frameworks */ = {
			isa = PBXFrameworksBuildPhase;
			buildActionMask = 2147483647;
			files = (
				909176DF2943992600392CAC /* Alamofire in Frameworks */,
			);
			runOnlyForDeploymentPostprocessing = 0;
		};
/* End PBXFrameworksBuildPhase section */

/* Begin PBXGroup section */
		2CCC5391294073660006BE86 /* Shared */ = {
			isa = PBXGroup;
			children = (
				9091772E294B1C0B00392CAC /* CloudSharingView.swift */,
				2CCC538F2940735F0006BE86 /* CustomTextFailed.swift */,
			);
			path = Shared;
			sourceTree = "<group>";
		};
		9091769C293F297D00392CAC = {
			isa = PBXGroup;
			children = (
				909176A7293F297D00392CAC /* ExpDate */,
				909176A6293F297D00392CAC /* Products */,
			);
			sourceTree = "<group>";
		};
		909176A6293F297D00392CAC /* Products */ = {
			isa = PBXGroup;
			children = (
				909176A5293F297D00392CAC /* ExpDate.app */,
			);
			name = Products;
			sourceTree = "<group>";
		};
		909176A7293F297D00392CAC /* ExpDate */ = {
			isa = PBXGroup;
			children = (
				903FD4D32951B6F100816BBD /* ExpDateDebug.entitlements */,
				90917730294B206D00392CAC /* Info.plist */,
				909176B8293F36A600392CAC /* Model */,
				909176B9293F36AC00392CAC /* ViewModel */,
				909176B7293F369C00392CAC /* View */,
				909176C8293F406000392CAC /* Utilities */,
				909176AE293F297F00392CAC /* ExpDate.entitlements */,
				909176AF293F297F00392CAC /* Preview Content */,
			);
			path = ExpDate;
			sourceTree = "<group>";
		};
		909176AF293F297F00392CAC /* Preview Content */ = {
			isa = PBXGroup;
			children = (
				909176B0293F297F00392CAC /* Preview Assets.xcassets */,
			);
			path = "Preview Content";
			sourceTree = "<group>";
		};
		909176B7293F369C00392CAC /* View */ = {
			isa = PBXGroup;
			children = (
				909176A8293F297D00392CAC /* ExpDateApp.swift */,
				909176C4293F379900392CAC /* SplashScreenView.swift */,
				909176C2293F377500392CAC /* OnoardingView.swift */,
				909176D82942671800392CAC /* SingleOnbordingView.swift */,
				909176BA293F36EC00392CAC /* ProductView.swift */,
				E07743622941BE14009E1A25 /* ProductCellView.swift */,
				909176C6293F37E200392CAC /* ScanProductView.swift */,
				909176D1294083C500392CAC /* DataScannerView.swift */,
				909176BE293F372A00392CAC /* AddProductView.swift */,
				909176C0293F373800392CAC /* EditProductView.swift */,
				2CCC5391294073660006BE86 /* Shared */,
				909176AC293F297F00392CAC /* Assets.xcassets */,
			);
			path = View;
			sourceTree = "<group>";
		};
		909176B8293F36A600392CAC /* Model */ = {
			isa = PBXGroup;
			children = (
				90917732294DCFEF00392CAC /* ProductGroup.swift */,
				909176CD293F41AD00392CAC /* ProductModel.swift */,
				909176E02943995000392CAC /* ProductResponse.swift */,
			);
			path = Model;
			sourceTree = "<group>";
		};
		909176B9293F36AC00392CAC /* ViewModel */ = {
			isa = PBXGroup;
			children = (
				909176CB293F41A200392CAC /* ProductViewModel.swift */,
				909176CF294079F800392CAC /* AppViewModel.swift */,
				90917722294607FA00392CAC /* CloudViewModel.swift */,
			);
			path = ViewModel;
			sourceTree = "<group>";
		};
		909176C8293F406000392CAC /* Utilities */ = {
			isa = PBXGroup;
			children = (
				909176DA294398A300392CAC /* API */,
				909176D72941084E00392CAC /* Sound */,
				909176C9293F407600392CAC /* Extensions.swift */,
				9091772429463E5E00392CAC /* NotificationManager.swift */,
				903FD4D42951DAEB00816BBD /* HapticManager.swift */,
			);
			path = Utilities;
			sourceTree = "<group>";
		};
		909176D72941084E00392CAC /* Sound */ = {
			isa = PBXGroup;
			children = (
				909176D52941083C00392CAC /* scanner-beep.mp3 */,
				909176D3294107FD00392CAC /* SoundManager.swift */,
			);
			path = Sound;
			sourceTree = "<group>";
		};
		909176DA294398A300392CAC /* API */ = {
			isa = PBXGroup;
			children = (
				909176DB294398CF00392CAC /* APICallManager.swift */,
				909176E2294399A900392CAC /* ProductService.swift */,
				90917726294684DE00392CAC /* ProductAPIViewModel.swift */,
			);
			path = API;
			sourceTree = "<group>";
		};
/* End PBXGroup section */

/* Begin PBXNativeTarget section */
		909176A4293F297D00392CAC /* ExpDate */ = {
			isa = PBXNativeTarget;
			buildConfigurationList = 909176B4293F297F00392CAC /* Build configuration list for PBXNativeTarget "ExpDate" */;
			buildPhases = (
				909176A1293F297D00392CAC /* Sources */,
				909176A2293F297D00392CAC /* Frameworks */,
				909176A3293F297D00392CAC /* Resources */,
			);
			buildRules = (
			);
			dependencies = (
			);
			name = ExpDate;
			packageProductDependencies = (
				909176DE2943992600392CAC /* Alamofire */,
			);
			productName = ExpDate;
			productReference = 909176A5293F297D00392CAC /* ExpDate.app */;
			productType = "com.apple.product-type.application";
		};
/* End PBXNativeTarget section */

/* Begin PBXProject section */
		9091769D293F297D00392CAC /* Project object */ = {
			isa = PBXProject;
			attributes = {
				BuildIndependentTargetsInParallel = 1;
				LastSwiftUpdateCheck = 1400;
				LastUpgradeCheck = 1400;
				TargetAttributes = {
					909176A4293F297D00392CAC = {
						CreatedOnToolsVersion = 14.0.1;
					};
				};
			};
			buildConfigurationList = 909176A0293F297D00392CAC /* Build configuration list for PBXProject "ExpDate" */;
			compatibilityVersion = "Xcode 14.0";
			developmentRegion = en;
			hasScannedForEncodings = 0;
			knownRegions = (
				en,
				Base,
			);
			mainGroup = 9091769C293F297D00392CAC;
			packageReferences = (
				909176DD2943992600392CAC /* XCRemoteSwiftPackageReference "Alamofire" */,
			);
			productRefGroup = 909176A6293F297D00392CAC /* Products */;
			projectDirPath = "";
			projectRoot = "";
			targets = (
				909176A4293F297D00392CAC /* ExpDate */,
			);
		};
/* End PBXProject section */

/* Begin PBXResourcesBuildPhase section */
		909176A3293F297D00392CAC /* Resources */ = {
			isa = PBXResourcesBuildPhase;
			buildActionMask = 2147483647;
			files = (
				909176B1293F297F00392CAC /* Preview Assets.xcassets in Resources */,
				909176D62941083C00392CAC /* scanner-beep.mp3 in Resources */,
				909176AD293F297F00392CAC /* Assets.xcassets in Resources */,
			);
			runOnlyForDeploymentPostprocessing = 0;
		};
/* End PBXResourcesBuildPhase section */

/* Begin PBXSourcesBuildPhase section */
		909176A1293F297D00392CAC /* Sources */ = {
			isa = PBXSourcesBuildPhase;
			buildActionMask = 2147483647;
			files = (
				909176DC294398CF00392CAC /* APICallManager.swift in Sources */,
				903FD4D52951DAEB00816BBD /* HapticManager.swift in Sources */,
				909176C5293F379900392CAC /* SplashScreenView.swift in Sources */,
				909176CA293F407600392CAC /* Extensions.swift in Sources */,
				2CCC53902940735F0006BE86 /* CustomTextFailed.swift in Sources */,
				909176D0294079F800392CAC /* AppViewModel.swift in Sources */,
				90917733294DCFEF00392CAC /* ProductGroup.swift in Sources */,
				909176D2294083C500392CAC /* DataScannerView.swift in Sources */,
				E07743632941BE14009E1A25 /* ProductCellView.swift in Sources */,
				909176C7293F37E200392CAC /* ScanProductView.swift in Sources */,
				909176D4294107FD00392CAC /* SoundManager.swift in Sources */,
				909176D92942671800392CAC /* SingleOnbordingView.swift in Sources */,
				909176BF293F372A00392CAC /* AddProductView.swift in Sources */,
				909176CC293F41A200392CAC /* ProductViewModel.swift in Sources */,
				909176C1293F373800392CAC /* EditProductView.swift in Sources */,
				909176E12943995000392CAC /* ProductResponse.swift in Sources */,
				909176BB293F36EC00392CAC /* ProductView.swift in Sources */,
				90917723294607FA00392CAC /* CloudViewModel.swift in Sources */,
				909176CE293F41AD00392CAC /* ProductModel.swift in Sources */,
				909176A9293F297D00392CAC /* ExpDateApp.swift in Sources */,
				90917727294684DE00392CAC /* ProductAPIViewModel.swift in Sources */,
				9091772F294B1C0B00392CAC /* CloudSharingView.swift in Sources */,
				909176C3293F377500392CAC /* OnoardingView.swift in Sources */,
				9091772529463E5E00392CAC /* NotificationManager.swift in Sources */,
				909176E3294399A900392CAC /* ProductService.swift in Sources */,
			);
			runOnlyForDeploymentPostprocessing = 0;
		};
/* End PBXSourcesBuildPhase section */

/* Begin XCBuildConfiguration section */
		909176B2293F297F00392CAC /* Debug */ = {
			isa = XCBuildConfiguration;
			buildSettings = {
				ALWAYS_SEARCH_USER_PATHS = NO;
				CLANG_ANALYZER_NONNULL = YES;
				CLANG_ANALYZER_NUMBER_OBJECT_CONVERSION = YES_AGGRESSIVE;
				CLANG_CXX_LANGUAGE_STANDARD = "gnu++20";
				CLANG_ENABLE_MODULES = YES;
				CLANG_ENABLE_OBJC_ARC = YES;
				CLANG_ENABLE_OBJC_WEAK = YES;
				CLANG_WARN_BLOCK_CAPTURE_AUTORELEASING = YES;
				CLANG_WARN_BOOL_CONVERSION = YES;
				CLANG_WARN_COMMA = YES;
				CLANG_WARN_CONSTANT_CONVERSION = YES;
				CLANG_WARN_DEPRECATED_OBJC_IMPLEMENTATIONS = YES;
				CLANG_WARN_DIRECT_OBJC_ISA_USAGE = YES_ERROR;
				CLANG_WARN_DOCUMENTATION_COMMENTS = YES;
				CLANG_WARN_EMPTY_BODY = YES;
				CLANG_WARN_ENUM_CONVERSION = YES;
				CLANG_WARN_INFINITE_RECURSION = YES;
				CLANG_WARN_INT_CONVERSION = YES;
				CLANG_WARN_NON_LITERAL_NULL_CONVERSION = YES;
				CLANG_WARN_OBJC_IMPLICIT_RETAIN_SELF = YES;
				CLANG_WARN_OBJC_LITERAL_CONVERSION = YES;
				CLANG_WARN_OBJC_ROOT_CLASS = YES_ERROR;
				CLANG_WARN_QUOTED_INCLUDE_IN_FRAMEWORK_HEADER = YES;
				CLANG_WARN_RANGE_LOOP_ANALYSIS = YES;
				CLANG_WARN_STRICT_PROTOTYPES = YES;
				CLANG_WARN_SUSPICIOUS_MOVE = YES;
				CLANG_WARN_UNGUARDED_AVAILABILITY = YES_AGGRESSIVE;
				CLANG_WARN_UNREACHABLE_CODE = YES;
				CLANG_WARN__DUPLICATE_METHOD_MATCH = YES;
				COPY_PHASE_STRIP = NO;
				DEBUG_INFORMATION_FORMAT = dwarf;
				ENABLE_STRICT_OBJC_MSGSEND = YES;
				ENABLE_TESTABILITY = YES;
				GCC_C_LANGUAGE_STANDARD = gnu11;
				GCC_DYNAMIC_NO_PIC = NO;
				GCC_NO_COMMON_BLOCKS = YES;
				GCC_OPTIMIZATION_LEVEL = 0;
				GCC_PREPROCESSOR_DEFINITIONS = (
					"DEBUG=1",
					"$(inherited)",
				);
				GCC_WARN_64_TO_32_BIT_CONVERSION = YES;
				GCC_WARN_ABOUT_RETURN_TYPE = YES_ERROR;
				GCC_WARN_UNDECLARED_SELECTOR = YES;
				GCC_WARN_UNINITIALIZED_AUTOS = YES_AGGRESSIVE;
				GCC_WARN_UNUSED_FUNCTION = YES;
				GCC_WARN_UNUSED_VARIABLE = YES;
				MTL_ENABLE_DEBUG_INFO = INCLUDE_SOURCE;
				MTL_FAST_MATH = YES;
				ONLY_ACTIVE_ARCH = YES;
				SWIFT_ACTIVE_COMPILATION_CONDITIONS = DEBUG;
				SWIFT_OPTIMIZATION_LEVEL = "-Onone";
			};
			name = Debug;
		};
		909176B3293F297F00392CAC /* Release */ = {
			isa = XCBuildConfiguration;
			buildSettings = {
				ALWAYS_SEARCH_USER_PATHS = NO;
				CLANG_ANALYZER_NONNULL = YES;
				CLANG_ANALYZER_NUMBER_OBJECT_CONVERSION = YES_AGGRESSIVE;
				CLANG_CXX_LANGUAGE_STANDARD = "gnu++20";
				CLANG_ENABLE_MODULES = YES;
				CLANG_ENABLE_OBJC_ARC = YES;
				CLANG_ENABLE_OBJC_WEAK = YES;
				CLANG_WARN_BLOCK_CAPTURE_AUTORELEASING = YES;
				CLANG_WARN_BOOL_CONVERSION = YES;
				CLANG_WARN_COMMA = YES;
				CLANG_WARN_CONSTANT_CONVERSION = YES;
				CLANG_WARN_DEPRECATED_OBJC_IMPLEMENTATIONS = YES;
				CLANG_WARN_DIRECT_OBJC_ISA_USAGE = YES_ERROR;
				CLANG_WARN_DOCUMENTATION_COMMENTS = YES;
				CLANG_WARN_EMPTY_BODY = YES;
				CLANG_WARN_ENUM_CONVERSION = YES;
				CLANG_WARN_INFINITE_RECURSION = YES;
				CLANG_WARN_INT_CONVERSION = YES;
				CLANG_WARN_NON_LITERAL_NULL_CONVERSION = YES;
				CLANG_WARN_OBJC_IMPLICIT_RETAIN_SELF = YES;
				CLANG_WARN_OBJC_LITERAL_CONVERSION = YES;
				CLANG_WARN_OBJC_ROOT_CLASS = YES_ERROR;
				CLANG_WARN_QUOTED_INCLUDE_IN_FRAMEWORK_HEADER = YES;
				CLANG_WARN_RANGE_LOOP_ANALYSIS = YES;
				CLANG_WARN_STRICT_PROTOTYPES = YES;
				CLANG_WARN_SUSPICIOUS_MOVE = YES;
				CLANG_WARN_UNGUARDED_AVAILABILITY = YES_AGGRESSIVE;
				CLANG_WARN_UNREACHABLE_CODE = YES;
				CLANG_WARN__DUPLICATE_METHOD_MATCH = YES;
				COPY_PHASE_STRIP = NO;
				DEBUG_INFORMATION_FORMAT = "dwarf-with-dsym";
				ENABLE_NS_ASSERTIONS = NO;
				ENABLE_STRICT_OBJC_MSGSEND = YES;
				GCC_C_LANGUAGE_STANDARD = gnu11;
				GCC_NO_COMMON_BLOCKS = YES;
				GCC_WARN_64_TO_32_BIT_CONVERSION = YES;
				GCC_WARN_ABOUT_RETURN_TYPE = YES_ERROR;
				GCC_WARN_UNDECLARED_SELECTOR = YES;
				GCC_WARN_UNINITIALIZED_AUTOS = YES_AGGRESSIVE;
				GCC_WARN_UNUSED_FUNCTION = YES;
				GCC_WARN_UNUSED_VARIABLE = YES;
				MTL_ENABLE_DEBUG_INFO = NO;
				MTL_FAST_MATH = YES;
				SWIFT_COMPILATION_MODE = wholemodule;
				SWIFT_OPTIMIZATION_LEVEL = "-O";
			};
			name = Release;
		};
		909176B5293F297F00392CAC /* Debug */ = {
			isa = XCBuildConfiguration;
			buildSettings = {
				ASSETCATALOG_COMPILER_APPICON_NAME = AppIcon;
				ASSETCATALOG_COMPILER_GLOBAL_ACCENT_COLOR_NAME = AccentColor;
				CODE_SIGN_ENTITLEMENTS = ExpDate/ExpDateDebug.entitlements;
				CODE_SIGN_IDENTITY = "Apple Development";
				CODE_SIGN_STYLE = Automatic;
				CURRENT_PROJECT_VERSION = 3;
				DEVELOPMENT_ASSET_PATHS = "\"ExpDate/Preview Content\"";
				DEVELOPMENT_TEAM = DMXBNDQ3Y6;
				ENABLE_HARDENED_RUNTIME = YES;
				ENABLE_PREVIEWS = YES;
				GENERATE_INFOPLIST_FILE = YES;
				INFOPLIST_FILE = ExpDate/Info.plist;
				INFOPLIST_KEY_NSCameraUsageDescription = "The app needs camera access to scan a product's barcode and expiry date";
				"INFOPLIST_KEY_UIApplicationSceneManifest_Generation[sdk=iphoneos*]" = YES;
				"INFOPLIST_KEY_UIApplicationSceneManifest_Generation[sdk=iphonesimulator*]" = YES;
				"INFOPLIST_KEY_UIApplicationSupportsIndirectInputEvents[sdk=iphoneos*]" = YES;
				"INFOPLIST_KEY_UIApplicationSupportsIndirectInputEvents[sdk=iphonesimulator*]" = YES;
				"INFOPLIST_KEY_UILaunchScreen_Generation[sdk=iphoneos*]" = YES;
				"INFOPLIST_KEY_UILaunchScreen_Generation[sdk=iphonesimulator*]" = YES;
				"INFOPLIST_KEY_UIStatusBarStyle[sdk=iphoneos*]" = UIStatusBarStyleDefault;
				"INFOPLIST_KEY_UIStatusBarStyle[sdk=iphonesimulator*]" = UIStatusBarStyleDefault;
				INFOPLIST_KEY_UISupportedInterfaceOrientations_iPad = "UIInterfaceOrientationPortrait UIInterfaceOrientationPortraitUpsideDown UIInterfaceOrientationLandscapeLeft UIInterfaceOrientationLandscapeRight";
				INFOPLIST_KEY_UISupportedInterfaceOrientations_iPhone = "UIInterfaceOrientationPortrait UIInterfaceOrientationLandscapeLeft UIInterfaceOrientationLandscapeRight";
				IPHONEOS_DEPLOYMENT_TARGET = 16.0;
				LD_RUNPATH_SEARCH_PATHS = "@executable_path/Frameworks";
				"LD_RUNPATH_SEARCH_PATHS[sdk=macosx*]" = "@executable_path/../Frameworks";
				MACOSX_DEPLOYMENT_TARGET = 12.3;
				MARKETING_VERSION = 1.0;
				PRODUCT_BUNDLE_IDENTIFIER = com.khawlah.ExpDate;
				PRODUCT_NAME = "$(TARGET_NAME)";
				PROVISIONING_PROFILE_SPECIFIER = "";
				SDKROOT = auto;
				SUPPORTED_PLATFORMS = "iphoneos iphonesimulator macosx";
				SWIFT_EMIT_LOC_STRINGS = YES;
				SWIFT_VERSION = 5.0;
				TARGETED_DEVICE_FAMILY = "1,2";
			};
			name = Debug;
		};
		909176B6293F297F00392CAC /* Release */ = {
			isa = XCBuildConfiguration;
			buildSettings = {
				ASSETCATALOG_COMPILER_APPICON_NAME = AppIcon;
				ASSETCATALOG_COMPILER_GLOBAL_ACCENT_COLOR_NAME = AccentColor;
				CODE_SIGN_ENTITLEMENTS = ExpDate/ExpDate.entitlements;
				CODE_SIGN_IDENTITY = "Apple Development";
				CODE_SIGN_STYLE = Automatic;
				CURRENT_PROJECT_VERSION = 3;
				DEVELOPMENT_ASSET_PATHS = "\"ExpDate/Preview Content\"";
				DEVELOPMENT_TEAM = DMXBNDQ3Y6;
				ENABLE_HARDENED_RUNTIME = YES;
				ENABLE_PREVIEWS = YES;
				GENERATE_INFOPLIST_FILE = YES;
				INFOPLIST_FILE = ExpDate/Info.plist;
				INFOPLIST_KEY_NSCameraUsageDescription = "The app needs camera access to scan a product's barcode and expiry date";
				"INFOPLIST_KEY_UIApplicationSceneManifest_Generation[sdk=iphoneos*]" = YES;
				"INFOPLIST_KEY_UIApplicationSceneManifest_Generation[sdk=iphonesimulator*]" = YES;
				"INFOPLIST_KEY_UIApplicationSupportsIndirectInputEvents[sdk=iphoneos*]" = YES;
				"INFOPLIST_KEY_UIApplicationSupportsIndirectInputEvents[sdk=iphonesimulator*]" = YES;
				"INFOPLIST_KEY_UILaunchScreen_Generation[sdk=iphoneos*]" = YES;
				"INFOPLIST_KEY_UILaunchScreen_Generation[sdk=iphonesimulator*]" = YES;
				"INFOPLIST_KEY_UIStatusBarStyle[sdk=iphoneos*]" = UIStatusBarStyleDefault;
				"INFOPLIST_KEY_UIStatusBarStyle[sdk=iphonesimulator*]" = UIStatusBarStyleDefault;
				INFOPLIST_KEY_UISupportedInterfaceOrientations_iPad = "UIInterfaceOrientationPortrait UIInterfaceOrientationPortraitUpsideDown UIInterfaceOrientationLandscapeLeft UIInterfaceOrientationLandscapeRight";
				INFOPLIST_KEY_UISupportedInterfaceOrientations_iPhone = "UIInterfaceOrientationPortrait UIInterfaceOrientationLandscapeLeft UIInterfaceOrientationLandscapeRight";
				IPHONEOS_DEPLOYMENT_TARGET = 16.0;
				LD_RUNPATH_SEARCH_PATHS = "@executable_path/Frameworks";
				"LD_RUNPATH_SEARCH_PATHS[sdk=macosx*]" = "@executable_path/../Frameworks";
				MACOSX_DEPLOYMENT_TARGET = 12.3;
				MARKETING_VERSION = 1.0;
				PRODUCT_BUNDLE_IDENTIFIER = com.khawlah.ExpDate;
				PRODUCT_NAME = "$(TARGET_NAME)";
				PROVISIONING_PROFILE_SPECIFIER = "";
				SDKROOT = auto;
				SUPPORTED_PLATFORMS = "iphoneos iphonesimulator macosx";
				SWIFT_EMIT_LOC_STRINGS = YES;
				SWIFT_VERSION = 5.0;
				TARGETED_DEVICE_FAMILY = "1,2";
			};
			name = Release;
		};
/* End XCBuildConfiguration section */

/* Begin XCConfigurationList section */
		909176A0293F297D00392CAC /* Build configuration list for PBXProject "ExpDate" */ = {
			isa = XCConfigurationList;
			buildConfigurations = (
				909176B2293F297F00392CAC /* Debug */,
				909176B3293F297F00392CAC /* Release */,
			);
			defaultConfigurationIsVisible = 0;
			defaultConfigurationName = Release;
		};
		909176B4293F297F00392CAC /* Build configuration list for PBXNativeTarget "ExpDate" */ = {
			isa = XCConfigurationList;
			buildConfigurations = (
				909176B5293F297F00392CAC /* Debug */,
				909176B6293F297F00392CAC /* Release */,
			);
			defaultConfigurationIsVisible = 0;
			defaultConfigurationName = Release;
		};
/* End XCConfigurationList section */

/* Begin XCRemoteSwiftPackageReference section */
		909176DD2943992600392CAC /* XCRemoteSwiftPackageReference "Alamofire" */ = {
			isa = XCRemoteSwiftPackageReference;
			repositoryURL = "https://github.com/Alamofire/Alamofire";
			requirement = {
				kind = upToNextMajorVersion;
				minimumVersion = 5.0.0;
			};
		};
/* End XCRemoteSwiftPackageReference section */

/* Begin XCSwiftPackageProductDependency section */
		909176DE2943992600392CAC /* Alamofire */ = {
			isa = XCSwiftPackageProductDependency;
			package = 909176DD2943992600392CAC /* XCRemoteSwiftPackageReference "Alamofire" */;
			productName = Alamofire;
		};
/* End XCSwiftPackageProductDependency section */
	};
	rootObject = 9091769D293F297D00392CAC /* Project object */;
}
